
Microsoft Visual Studio Solution File, Format Version 12.00
# Visual Studio 15
VisualStudioVersion = 15.0.28307.1321
MinimumVisualStudioVersion = 10.0.40219.1
Project("{FAE04EC0-301F-11D3-BF4B-00C04F79EFBC}") = "WFAdmissionDocuments", "WFAdmissionDocuments\WFAdmissionDocuments.csproj", "{DD40FA6B-3470-4F6A-A38E-868AEF056778}"
EndProject
Global
	GlobalSection(SolutionConfigurationPlatforms) = preSolution
		Debug|Any CPU = Debug|Any CPU
		Release|Any CPU = Release|Any CPU
	EndGlobalSection
	GlobalSection(ProjectConfigurationPlatforms) = postSolution
		{DD40FA6B-3470-4F6A-A38E-868AEF056778}.Debug|Any CPU.ActiveCfg = Debug|Any CPU
		{DD40FA6B-3470-4F6A-A38E-868AEF056778}.Debug|Any CPU.Build.0 = Debug|Any CPU
		{DD40FA6B-3470-4F6A-A38E-868AEF056778}.Release|Any CPU.ActiveCfg = Release|Any CPU
		{DD40FA6B-3470-4F6A-A38E-868AEF056778}.Release|Any CPU.Build.0 = Release|Any CPU
	EndGlobalSection
	GlobalSection(SolutionProperties) = preSolution
		HideSolutionNode = FALSE
	EndGlobalSection
	GlobalSection(ExtensibilityGlobals) = postSolution
		SolutionGuid = {099FE0F0-1AAF-4E0F-90F1-528E8DECB537}
	EndGlobalSection
EndGlobal
